
Microsoft Visual Studio Solution File, Format Version 12.00
# Visual Studio 2013
VisualStudioVersion = 12.0.21005.1
MinimumVisualStudioVersion = 10.0.40219.1
Project("{8BC9CEB8-8B4A-11D0-8D11-00A0C91BC942}") = "最长回文数", "最长回文数\最长回文数.vcxproj", "{F6395622-54F3-400D-8221-1D79AD6EAAF1}"
EndProject
Global
	GlobalSection(SolutionConfigurationPlatforms) = preSolution
		Debug|Win32 = Debug|Win32
		Release|Win32 = Release|Win32
	EndGlobalSection
	GlobalSection(ProjectConfigurationPlatforms) = postSolution
		{F6395622-54F3-400D-8221-1D79AD6EAAF1}.Debug|Win32.ActiveCfg = Debug|Win32
		{F6395622-54F3-400D-8221-1D79AD6EAAF1}.Debug|Win32.Build.0 = Debug|Win32
		{F6395622-54F3-400D-8221-1D79AD6EAAF1}.Release|Win32.ActiveCfg = Release|Win32
		{F6395622-54F3-400D-8221-1D79AD6EAAF1}.Release|Win32.Build.0 = Release|Win32
	EndGlobalSection
	GlobalSection(SolutionProperties) = preSolution
		HideSolutionNode = FALSE
	EndGlobalSection
EndGlobal
